
Microsoft Visual Studio Solution File, Format Version 12.00
# Visual Studio Version 17
VisualStudioVersion = 17.2.32602.215
MinimumVisualStudioVersion = 10.0.40219.1
Project("{FAE04EC0-301F-11D3-BF4B-00C04F79EFBC}") = "OnlineMovieBooking", "OnlineMovieBooking\OnlineMovieBooking.csproj", "{F9D5B5FA-59FE-4558-B77D-93D2F6907603}"
EndProject
Project("{FAE04EC0-301F-11D3-BF4B-00C04F79EFBC}") = "FileUploadControls", "FileUploadControls\FileUploadControls.csproj", "{F7843F60-96F0-45A4-BC61-88442D75EEAF}"
EndProject
Global
	GlobalSection(SolutionConfigurationPlatforms) = preSolution
		Debug|Any CPU = Debug|Any CPU
		Release|Any CPU = Release|Any CPU
	EndGlobalSection
	GlobalSection(ProjectConfigurationPlatforms) = postSolution
		{F9D5B5FA-59FE-4558-B77D-93D2F6907603}.Debug|Any CPU.ActiveCfg = Debug|Any CPU
		{F9D5B5FA-59FE-4558-B77D-93D2F6907603}.Debug|Any CPU.Build.0 = Debug|Any CPU
		{F9D5B5FA-59FE-4558-B77D-93D2F6907603}.Release|Any CPU.ActiveCfg = Release|Any CPU
		{F9D5B5FA-59FE-4558-B77D-93D2F6907603}.Release|Any CPU.Build.0 = Release|Any CPU
		{F7843F60-96F0-45A4-BC61-88442D75EEAF}.Debug|Any CPU.ActiveCfg = Debug|Any CPU
		{F7843F60-96F0-45A4-BC61-88442D75EEAF}.Debug|Any CPU.Build.0 = Debug|Any CPU
		{F7843F60-96F0-45A4-BC61-88442D75EEAF}.Release|Any CPU.ActiveCfg = Release|Any CPU
		{F7843F60-96F0-45A4-BC61-88442D75EEAF}.Release|Any CPU.Build.0 = Release|Any CPU
	EndGlobalSection
	GlobalSection(SolutionProperties) = preSolution
		HideSolutionNode = FALSE
	EndGlobalSection
	GlobalSection(ExtensibilityGlobals) = postSolution
		SolutionGuid = {226F25C6-65A1-42AA-9A84-7DD8C802F2E5}
	EndGlobalSection
EndGlobal
